
Microsoft Visual Studio Solution File, Format Version 12.00
# Visual Studio 15
VisualStudioVersion = 15.0.28307.852
MinimumVisualStudioVersion = 10.0.40219.1
Project("{FAE04EC0-301F-11D3-BF4B-00C04F79EFBC}") = "restoHelper", "restoHelper\restoHelper.csproj", "{91380C87-D4E5-4A9D-A26A-0491571A5CEC}"
EndProject
Project("{FAE04EC0-301F-11D3-BF4B-00C04F79EFBC}") = "restoHelper.Tests", "restoHelper.Tests\restoHelper.Tests.csproj", "{79D28CC3-093D-48E2-9827-4C5C0A67353E}"
EndProject
Global
	GlobalSection(SolutionConfigurationPlatforms) = preSolution
		Debug|Any CPU = Debug|Any CPU
		Release|Any CPU = Release|Any CPU
	EndGlobalSection
	GlobalSection(ProjectConfigurationPlatforms) = postSolution
		{91380C87-D4E5-4A9D-A26A-0491571A5CEC}.Debug|Any CPU.ActiveCfg = Debug|Any CPU
		{91380C87-D4E5-4A9D-A26A-0491571A5CEC}.Debug|Any CPU.Build.0 = Debug|Any CPU
		{91380C87-D4E5-4A9D-A26A-0491571A5CEC}.Release|Any CPU.ActiveCfg = Release|Any CPU
		{91380C87-D4E5-4A9D-A26A-0491571A5CEC}.Release|Any CPU.Build.0 = Release|Any CPU
		{79D28CC3-093D-48E2-9827-4C5C0A67353E}.Debug|Any CPU.ActiveCfg = Debug|Any CPU
		{79D28CC3-093D-48E2-9827-4C5C0A67353E}.Debug|Any CPU.Build.0 = Debug|Any CPU
		{79D28CC3-093D-48E2-9827-4C5C0A67353E}.Release|Any CPU.ActiveCfg = Release|Any CPU
		{79D28CC3-093D-48E2-9827-4C5C0A67353E}.Release|Any CPU.Build.0 = Release|Any CPU
	EndGlobalSection
	GlobalSection(SolutionProperties) = preSolution
		HideSolutionNode = FALSE
	EndGlobalSection
	GlobalSection(ExtensibilityGlobals) = postSolution
		SolutionGuid = {11221A58-EA51-4166-8386-170CEC78E0EB}
	EndGlobalSection
EndGlobal
